
Microsoft Visual Studio Solution File, Format Version 12.00
# Visual Studio Version 17
VisualStudioVersion = 17.0.31903.59
MinimumVisualStudioVersion = 10.0.40219.1
Project("{2150E333-8FDC-42A3-9474-1A3956D46DE8}") = "src", "src", "{827E0CD3-B72D-47B6-A68D-7590B98EB39B}"
EndProject
Project("{FAE04EC0-301F-11D3-BF4B-00C04F79EFBC}") = "Requests.Api", "src\Requests.Api\Requests.Api.csproj", "{DCB50A89-5F31-4F16-9E05-CC4CD037ADCF}"
EndProject
Project("{FAE04EC0-301F-11D3-BF4B-00C04F79EFBC}") = "Requests.Application", "src\Requests.Application\Requests.Application.csproj", "{75A66984-0FD1-45A0-9122-B4F1FB482BAD}"
EndProject
Project("{FAE04EC0-301F-11D3-BF4B-00C04F79EFBC}") = "Requests.Domain", "src\Requests.Domain\Requests.Domain.csproj", "{F8FEEF77-D539-4FD9-9183-486087033222}"
EndProject
Project("{FAE04EC0-301F-11D3-BF4B-00C04F79EFBC}") = "Requests.Infrastructure", "src\Requests.Infrastructure\Requests.Infrastructure.csproj", "{6E405364-1076-40DF-829B-EEC46C0F53E1}"
EndProject
Project("{2150E333-8FDC-42A3-9474-1A3956D46DE8}") = "tests", "tests", "{0AB3BF05-4346-4AA6-1389-037BE0695223}"
EndProject
Project("{FAE04EC0-301F-11D3-BF4B-00C04F79EFBC}") = "Requests.Tests", "tests\Requests.Tests\Requests.Tests.csproj", "{3ADC4FE3-4571-4C86-A3ED-847AC5BA08C5}"
EndProject
Global
	GlobalSection(SolutionConfigurationPlatforms) = preSolution
		Debug|Any CPU = Debug|Any CPU
		Debug|x64 = Debug|x64
		Debug|x86 = Debug|x86
		Release|Any CPU = Release|Any CPU
		Release|x64 = Release|x64
		Release|x86 = Release|x86
	EndGlobalSection
	GlobalSection(ProjectConfigurationPlatforms) = postSolution
		{DCB50A89-5F31-4F16-9E05-CC4CD037ADCF}.Debug|Any CPU.ActiveCfg = Debug|Any CPU
		{DCB50A89-5F31-4F16-9E05-CC4CD037ADCF}.Debug|Any CPU.Build.0 = Debug|Any CPU
		{DCB50A89-5F31-4F16-9E05-CC4CD037ADCF}.Debug|x64.ActiveCfg = Debug|Any CPU
		{DCB50A89-5F31-4F16-9E05-CC4CD037ADCF}.Debug|x64.Build.0 = Debug|Any CPU
		{DCB50A89-5F31-4F16-9E05-CC4CD037ADCF}.Debug|x86.ActiveCfg = Debug|Any CPU
		{DCB50A89-5F31-4F16-9E05-CC4CD037ADCF}.Debug|x86.Build.0 = Debug|Any CPU
		{DCB50A89-5F31-4F16-9E05-CC4CD037ADCF}.Release|Any CPU.ActiveCfg = Release|Any CPU
		{DCB50A89-5F31-4F16-9E05-CC4CD037ADCF}.Release|Any CPU.Build.0 = Release|Any CPU
		{DCB50A89-5F31-4F16-9E05-CC4CD037ADCF}.Release|x64.ActiveCfg = Release|Any CPU
		{DCB50A89-5F31-4F16-9E05-CC4CD037ADCF}.Release|x64.Build.0 = Release|Any CPU
		{DCB50A89-5F31-4F16-9E05-CC4CD037ADCF}.Release|x86.ActiveCfg = Release|Any CPU
		{DCB50A89-5F31-4F16-9E05-CC4CD037ADCF}.Release|x86.Build.0 = Release|Any CPU
		{75A66984-0FD1-45A0-9122-B4F1FB482BAD}.Debug|Any CPU.ActiveCfg = Debug|Any CPU
		{75A66984-0FD1-45A0-9122-B4F1FB482BAD}.Debug|Any CPU.Build.0 = Debug|Any CPU
		{75A66984-0FD1-45A0-9122-B4F1FB482BAD}.Debug|x64.ActiveCfg = Debug|Any CPU
		{75A66984-0FD1-45A0-9122-B4F1FB482BAD}.Debug|x64.Build.0 = Debug|Any CPU
		{75A66984-0FD1-45A0-9122-B4F1FB482BAD}.Debug|x86.ActiveCfg = Debug|Any CPU
		{75A66984-0FD1-45A0-9122-B4F1FB482BAD}.Debug|x86.Build.0 = Debug|Any CPU
		{75A66984-0FD1-45A0-9122-B4F1FB482BAD}.Release|Any CPU.ActiveCfg = Release|Any CPU
		{75A66984-0FD1-45A0-9122-B4F1FB482BAD}.Release|Any CPU.Build.0 = Release|Any CPU
		{75A66984-0FD1-45A0-9122-B4F1FB482BAD}.Release|x64.ActiveCfg = Release|Any CPU
		{75A66984-0FD1-45A0-9122-B4F1FB482BAD}.Release|x64.Build.0 = Release|Any CPU
		{75A66984-0FD1-45A0-9122-B4F1FB482BAD}.Release|x86.ActiveCfg = Release|Any CPU
		{75A66984-0FD1-45A0-9122-B4F1FB482BAD}.Release|x86.Build.0 = Release|Any CPU
		{F8FEEF77-D539-4FD9-9183-486087033222}.Debug|Any CPU.ActiveCfg = Debug|Any CPU
		{F8FEEF77-D539-4FD9-9183-486087033222}.Debug|Any CPU.Build.0 = Debug|Any CPU
		{F8FEEF77-D539-4FD9-9183-486087033222}.Debug|x64.ActiveCfg = Debug|Any CPU
		{F8FEEF77-D539-4FD9-9183-486087033222}.Debug|x64.Build.0 = Debug|Any CPU
		{F8FEEF77-D539-4FD9-9183-486087033222}.Debug|x86.ActiveCfg = Debug|Any CPU
		{F8FEEF77-D539-4FD9-9183-486087033222}.Debug|x86.Build.0 = Debug|Any CPU
		{F8FEEF77-D539-4FD9-9183-486087033222}.Release|Any CPU.ActiveCfg = Release|Any CPU
		{F8FEEF77-D539-4FD9-9183-486087033222}.Release|Any CPU.Build.0 = Release|Any CPU
		{F8FEEF77-D539-4FD9-9183-486087033222}.Release|x64.ActiveCfg = Release|Any CPU
		{F8FEEF77-D539-4FD9-9183-486087033222}.Release|x64.Build.0 = Release|Any CPU
		{F8FEEF77-D539-4FD9-9183-486087033222}.Release|x86.ActiveCfg = Release|Any CPU
		{F8FEEF77-D539-4FD9-9183-486087033222}.Release|x86.Build.0 = Release|Any CPU
		{6E405364-1076-40DF-829B-EEC46C0F53E1}.Debug|Any CPU.ActiveCfg = Debug|Any CPU
		{6E405364-1076-40DF-829B-EEC46C0F53E1}.Debug|Any CPU.Build.0 = Debug|Any CPU
		{6E405364-1076-40DF-829B-EEC46C0F53E1}.Debug|x64.ActiveCfg = Debug|Any CPU
		{6E405364-1076-40DF-829B-EEC46C0F53E1}.Debug|x64.Build.0 = Debug|Any CPU
		{6E405364-1076-40DF-829B-EEC46C0F53E1}.Debug|x86.ActiveCfg = Debug|Any CPU
		{6E405364-1076-40DF-829B-EEC46C0F53E1}.Debug|x86.Build.0 = Debug|Any CPU
		{6E405364-1076-40DF-829B-EEC46C0F53E1}.Release|Any CPU.ActiveCfg = Release|Any CPU
		{6E405364-1076-40DF-829B-EEC46C0F53E1}.Release|Any CPU.Build.0 = Release|Any CPU
		{6E405364-1076-40DF-829B-EEC46C0F53E1}.Release|x64.ActiveCfg = Release|Any CPU
		{6E405364-1076-40DF-829B-EEC46C0F53E1}.Release|x64.Build.0 = Release|Any CPU
		{6E405364-1076-40DF-829B-EEC46C0F53E1}.Release|x86.ActiveCfg = Release|Any CPU
		{6E405364-1076-40DF-829B-EEC46C0F53E1}.Release|x86.Build.0 = Release|Any CPU
		{3ADC4FE3-4571-4C86-A3ED-847AC5BA08C5}.Debug|Any CPU.ActiveCfg = Debug|Any CPU
		{3ADC4FE3-4571-4C86-A3ED-847AC5BA08C5}.Debug|Any CPU.Build.0 = Debug|Any CPU
		{3ADC4FE3-4571-4C86-A3ED-847AC5BA08C5}.Debug|x64.ActiveCfg = Debug|Any CPU
		{3ADC4FE3-4571-4C86-A3ED-847AC5BA08C5}.Debug|x64.Build.0 = Debug|Any CPU
		{3ADC4FE3-4571-4C86-A3ED-847AC5BA08C5}.Debug|x86.ActiveCfg = Debug|Any CPU
		{3ADC4FE3-4571-4C86-A3ED-847AC5BA08C5}.Debug|x86.Build.0 = Debug|Any CPU
		{3ADC4FE3-4571-4C86-A3ED-847AC5BA08C5}.Release|Any CPU.ActiveCfg = Release|Any CPU
		{3ADC4FE3-4571-4C86-A3ED-847AC5BA08C5}.Release|Any CPU.Build.0 = Release|Any CPU
		{3ADC4FE3-4571-4C86-A3ED-847AC5BA08C5}.Release|x64.ActiveCfg = Release|Any CPU
		{3ADC4FE3-4571-4C86-A3ED-847AC5BA08C5}.Release|x64.Build.0 = Release|Any CPU
		{3ADC4FE3-4571-4C86-A3ED-847AC5BA08C5}.Release|x86.ActiveCfg = Release|Any CPU
		{3ADC4FE3-4571-4C86-A3ED-847AC5BA08C5}.Release|x86.Build.0 = Release|Any CPU
	EndGlobalSection
	GlobalSection(SolutionProperties) = preSolution
		HideSolutionNode = FALSE
	EndGlobalSection
	GlobalSection(NestedProjects) = preSolution
		{DCB50A89-5F31-4F16-9E05-CC4CD037ADCF} = {827E0CD3-B72D-47B6-A68D-7590B98EB39B}
		{75A66984-0FD1-45A0-9122-B4F1FB482BAD} = {827E0CD3-B72D-47B6-A68D-7590B98EB39B}
		{F8FEEF77-D539-4FD9-9183-486087033222} = {827E0CD3-B72D-47B6-A68D-7590B98EB39B}
		{6E405364-1076-40DF-829B-EEC46C0F53E1} = {827E0CD3-B72D-47B6-A68D-7590B98EB39B}
		{3ADC4FE3-4571-4C86-A3ED-847AC5BA08C5} = {0AB3BF05-4346-4AA6-1389-037BE0695223}
	EndGlobalSection
EndGlobal
